
Microsoft Visual Studio Solution File, Format Version 12.00
# Visual Studio Version 17
VisualStudioVersion = 17.0.31903.59
MinimumVisualStudioVersion = 10.0.40219.1
Project("{FAE04EC0-301F-11D3-BF4B-00C04F79EFBC}") = "Sensor3.ActivityRecognition", "Sensor3.ActivityRecognition\Sensor3.ActivityRecognition.csproj", "{3578F69F-A767-4B0D-937C-988AA7AA37FD}"
EndProject
Project("{FAE04EC0-301F-11D3-BF4B-00C04F79EFBC}") = "Sensor3.Api", "Sensor3.Api\Sensor3.Api.csproj", "{AC04714F-01DD-4F45-A689-8DCDA1378BE3}"
EndProject
Project("{FAE04EC0-301F-11D3-BF4B-00C04F79EFBC}") = "Sensor3.CarryingMode", "Sensor3.CarryingMode\Sensor3.CarryingMode.csproj", "{500AF763-197C-4073-9B26-8E4C70DAA581}"
EndProject
Project("{FAE04EC0-301F-11D3-BF4B-00C04F79EFBC}") = "Sensor3.Contracts", "Sensor3.Contracts\Sensor3.Contracts.csproj", "{138F5836-114F-4678-B305-98BC8407FB02}"
EndProject
Project("{FAE04EC0-301F-11D3-BF4B-00C04F79EFBC}") = "Sensor3.Core", "Sensor3.Core\Sensor3.Core.csproj", "{51B39879-6A66-4B71-9E30-BB6E3D9ED3A2}"
EndProject
Project("{FAE04EC0-301F-11D3-BF4B-00C04F79EFBC}") = "Sensor3.Dashboard", "Sensor3.Dashboard\Sensor3.Dashboard.csproj", "{1215EC61-2091-46D9-A448-D0C3C59A5ED5}"
EndProject
Project("{FAE04EC0-301F-11D3-BF4B-00C04F79EFBC}") = "Sensor3.SharedUI", "Sensor3.SharedUI\Sensor3.SharedUI.csproj", "{2EDB2CC5-C410-40FF-9F9B-51D39508F903}"
EndProject
Project("{FAE04EC0-301F-11D3-BF4B-00C04F79EFBC}") = "Sensor3.Distribution", "Sensor3.Distribution\Sensor3.Distribution.csproj", "{E4C2E871-C541-4F8A-918D-A1D6D9A4A54F}"
EndProject
Project("{FAE04EC0-301F-11D3-BF4B-00C04F79EFBC}") = "Sensor3.Infrastructure", "Sensor3.Infrastructure\Sensor3.Infrastructure.csproj", "{85C8FDCB-AD46-4666-8899-EF51024BC1B2}"
EndProject
Project("{FAE04EC0-301F-11D3-BF4B-00C04F79EFBC}") = "Sensor3.MapMatching", "Sensor3.MapMatching\Sensor3.MapMatching.csproj", "{B9B062E0-EFDC-4F85-A216-3A4C18FF31B6}"
EndProject
Project("{FAE04EC0-301F-11D3-BF4B-00C04F79EFBC}") = "Sensor3.Mobile", "Sensor3.Mobile\Sensor3.Mobile.csproj", "{98BEAD08-9AC8-4CCD-B31D-63FBC37B40FA}"
EndProject
Project("{FAE04EC0-301F-11D3-BF4B-00C04F79EFBC}") = "Sensor3.Positioning", "Sensor3.Positioning\Sensor3.Positioning.csproj", "{B3C663F4-3BE0-4D15-97BA-8165D931B935}"
EndProject
Project("{FAE04EC0-301F-11D3-BF4B-00C04F79EFBC}") = "Sensor3.SensorFusion", "Sensor3.SensorFusion\Sensor3.SensorFusion.csproj", "{71F2DEF3-F44E-4B1F-9B15-2E6B80A52F06}"
EndProject
Project("{FAE04EC0-301F-11D3-BF4B-00C04F79EFBC}") = "Sensor3.Sensors", "Sensor3.Sensors\Sensor3.Sensors.csproj", "{4DFAE8D1-23CF-4DB5-97B7-D80898E74D57}"
EndProject
Project("{FAE04EC0-301F-11D3-BF4B-00C04F79EFBC}") = "Sensor3.Simulation", "Sensor3.Simulation\Sensor3.Simulation.csproj", "{097E28FA-8506-4AED-A073-C23358A92AA8}"
EndProject
Project("{FAE04EC0-301F-11D3-BF4B-00C04F79EFBC}") = "Sensor3.StepDetection", "Sensor3.StepDetection\Sensor3.StepDetection.csproj", "{5F7E3D6E-4BD6-4314-A458-61CBAE8B2691}"
EndProject
Project("{FAE04EC0-301F-11D3-BF4B-00C04F79EFBC}") = "Sensor3.Tests", "Sensor3.Tests\Sensor3.Tests.csproj", "{FEA88C9A-ADBC-4849-AECE-5A6C369DC89B}"
EndProject
Global
	GlobalSection(SolutionConfigurationPlatforms) = preSolution
		Debug|Any CPU = Debug|Any CPU
		Debug|x64 = Debug|x64
		Debug|x86 = Debug|x86
		Release|Any CPU = Release|Any CPU
		Release|x64 = Release|x64
		Release|x86 = Release|x86
	EndGlobalSection
	GlobalSection(ProjectConfigurationPlatforms) = postSolution
		{3578F69F-A767-4B0D-937C-988AA7AA37FD}.Debug|Any CPU.ActiveCfg = Debug|Any CPU
		{3578F69F-A767-4B0D-937C-988AA7AA37FD}.Debug|Any CPU.Build.0 = Debug|Any CPU
		{3578F69F-A767-4B0D-937C-988AA7AA37FD}.Debug|x64.ActiveCfg = Debug|Any CPU
		{3578F69F-A767-4B0D-937C-988AA7AA37FD}.Debug|x64.Build.0 = Debug|Any CPU
		{3578F69F-A767-4B0D-937C-988AA7AA37FD}.Debug|x86.ActiveCfg = Debug|Any CPU
		{3578F69F-A767-4B0D-937C-988AA7AA37FD}.Debug|x86.Build.0 = Debug|Any CPU
		{3578F69F-A767-4B0D-937C-988AA7AA37FD}.Release|Any CPU.ActiveCfg = Release|Any CPU
		{3578F69F-A767-4B0D-937C-988AA7AA37FD}.Release|Any CPU.Build.0 = Release|Any CPU
		{3578F69F-A767-4B0D-937C-988AA7AA37FD}.Release|x64.ActiveCfg = Release|Any CPU
		{3578F69F-A767-4B0D-937C-988AA7AA37FD}.Release|x64.Build.0 = Release|Any CPU
		{3578F69F-A767-4B0D-937C-988AA7AA37FD}.Release|x86.ActiveCfg = Release|Any CPU
		{3578F69F-A767-4B0D-937C-988AA7AA37FD}.Release|x86.Build.0 = Release|Any CPU
		{AC04714F-01DD-4F45-A689-8DCDA1378BE3}.Debug|Any CPU.ActiveCfg = Debug|Any CPU
		{AC04714F-01DD-4F45-A689-8DCDA1378BE3}.Debug|Any CPU.Build.0 = Debug|Any CPU
		{AC04714F-01DD-4F45-A689-8DCDA1378BE3}.Debug|x64.ActiveCfg = Debug|Any CPU
		{AC04714F-01DD-4F45-A689-8DCDA1378BE3}.Debug|x64.Build.0 = Debug|Any CPU
		{AC04714F-01DD-4F45-A689-8DCDA1378BE3}.Debug|x86.ActiveCfg = Debug|Any CPU
		{AC04714F-01DD-4F45-A689-8DCDA1378BE3}.Debug|x86.Build.0 = Debug|Any CPU
		{AC04714F-01DD-4F45-A689-8DCDA1378BE3}.Release|Any CPU.ActiveCfg = Release|Any CPU
		{AC04714F-01DD-4F45-A689-8DCDA1378BE3}.Release|Any CPU.Build.0 = Release|Any CPU
		{AC04714F-01DD-4F45-A689-8DCDA1378BE3}.Release|x64.ActiveCfg = Release|Any CPU
		{AC04714F-01DD-4F45-A689-8DCDA1378BE3}.Release|x64.Build.0 = Release|Any CPU
		{AC04714F-01DD-4F45-A689-8DCDA1378BE3}.Release|x86.ActiveCfg = Release|Any CPU
		{AC04714F-01DD-4F45-A689-8DCDA1378BE3}.Release|x86.Build.0 = Release|Any CPU
		{500AF763-197C-4073-9B26-8E4C70DAA581}.Debug|Any CPU.ActiveCfg = Debug|Any CPU
		{500AF763-197C-4073-9B26-8E4C70DAA581}.Debug|Any CPU.Build.0 = Debug|Any CPU
		{500AF763-197C-4073-9B26-8E4C70DAA581}.Debug|x64.ActiveCfg = Debug|Any CPU
		{500AF763-197C-4073-9B26-8E4C70DAA581}.Debug|x64.Build.0 = Debug|Any CPU
		{500AF763-197C-4073-9B26-8E4C70DAA581}.Debug|x86.ActiveCfg = Debug|Any CPU
		{500AF763-197C-4073-9B26-8E4C70DAA581}.Debug|x86.Build.0 = Debug|Any CPU
		{500AF763-197C-4073-9B26-8E4C70DAA581}.Release|Any CPU.ActiveCfg = Release|Any CPU
		{500AF763-197C-4073-9B26-8E4C70DAA581}.Release|Any CPU.Build.0 = Release|Any CPU
		{500AF763-197C-4073-9B26-8E4C70DAA581}.Release|x64.ActiveCfg = Release|Any CPU
		{500AF763-197C-4073-9B26-8E4C70DAA581}.Release|x64.Build.0 = Release|Any CPU
		{500AF763-197C-4073-9B26-8E4C70DAA581}.Release|x86.ActiveCfg = Release|Any CPU
		{500AF763-197C-4073-9B26-8E4C70DAA581}.Release|x86.Build.0 = Release|Any CPU
		{138F5836-114F-4678-B305-98BC8407FB02}.Debug|Any CPU.ActiveCfg = Debug|Any CPU
		{138F5836-114F-4678-B305-98BC8407FB02}.Debug|Any CPU.Build.0 = Debug|Any CPU
		{138F5836-114F-4678-B305-98BC8407FB02}.Debug|x64.ActiveCfg = Debug|Any CPU
		{138F5836-114F-4678-B305-98BC8407FB02}.Debug|x64.Build.0 = Debug|Any CPU
		{138F5836-114F-4678-B305-98BC8407FB02}.Debug|x86.ActiveCfg = Debug|Any CPU
		{138F5836-114F-4678-B305-98BC8407FB02}.Debug|x86.Build.0 = Debug|Any CPU
		{138F5836-114F-4678-B305-98BC8407FB02}.Release|Any CPU.ActiveCfg = Release|Any CPU
		{138F5836-114F-4678-B305-98BC8407FB02}.Release|Any CPU.Build.0 = Release|Any CPU
		{138F5836-114F-4678-B305-98BC8407FB02}.Release|x64.ActiveCfg = Release|Any CPU
		{138F5836-114F-4678-B305-98BC8407FB02}.Release|x64.Build.0 = Release|Any CPU
		{138F5836-114F-4678-B305-98BC8407FB02}.Release|x86.ActiveCfg = Release|Any CPU
		{138F5836-114F-4678-B305-98BC8407FB02}.Release|x86.Build.0 = Release|Any CPU
		{51B39879-6A66-4B71-9E30-BB6E3D9ED3A2}.Debug|Any CPU.ActiveCfg = Debug|Any CPU
		{51B39879-6A66-4B71-9E30-BB6E3D9ED3A2}.Debug|Any CPU.Build.0 = Debug|Any CPU
		{51B39879-6A66-4B71-9E30-BB6E3D9ED3A2}.Debug|x64.ActiveCfg = Debug|Any CPU
		{51B39879-6A66-4B71-9E30-BB6E3D9ED3A2}.Debug|x64.Build.0 = Debug|Any CPU
		{51B39879-6A66-4B71-9E30-BB6E3D9ED3A2}.Debug|x86.ActiveCfg = Debug|Any CPU
		{51B39879-6A66-4B71-9E30-BB6E3D9ED3A2}.Debug|x86.Build.0 = Debug|Any CPU
		{51B39879-6A66-4B71-9E30-BB6E3D9ED3A2}.Release|Any CPU.ActiveCfg = Release|Any CPU
		{51B39879-6A66-4B71-9E30-BB6E3D9ED3A2}.Release|Any CPU.Build.0 = Release|Any CPU
		{51B39879-6A66-4B71-9E30-BB6E3D9ED3A2}.Release|x64.ActiveCfg = Release|Any CPU
		{51B39879-6A66-4B71-9E30-BB6E3D9ED3A2}.Release|x64.Build.0 = Release|Any CPU
		{51B39879-6A66-4B71-9E30-BB6E3D9ED3A2}.Release|x86.ActiveCfg = Release|Any CPU
		{51B39879-6A66-4B71-9E30-BB6E3D9ED3A2}.Release|x86.Build.0 = Release|Any CPU
		{1215EC61-2091-46D9-A448-D0C3C59A5ED5}.Debug|Any CPU.ActiveCfg = Debug|Any CPU
		{1215EC61-2091-46D9-A448-D0C3C59A5ED5}.Debug|Any CPU.Build.0 = Debug|Any CPU
		{1215EC61-2091-46D9-A448-D0C3C59A5ED5}.Debug|x64.ActiveCfg = Debug|Any CPU
		{1215EC61-2091-46D9-A448-D0C3C59A5ED5}.Debug|x64.Build.0 = Debug|Any CPU
		{1215EC61-2091-46D9-A448-D0C3C59A5ED5}.Debug|x86.ActiveCfg = Debug|Any CPU
		{1215EC61-2091-46D9-A448-D0C3C59A5ED5}.Debug|x86.Build.0 = Debug|Any CPU
		{1215EC61-2091-46D9-A448-D0C3C59A5ED5}.Release|Any CPU.ActiveCfg = Release|Any CPU
		{1215EC61-2091-46D9-A448-D0C3C59A5ED5}.Release|Any CPU.Build.0 = Release|Any CPU
		{1215EC61-2091-46D9-A448-D0C3C59A5ED5}.Release|x64.ActiveCfg = Release|Any CPU
		{1215EC61-2091-46D9-A448-D0C3C59A5ED5}.Release|x64.Build.0 = Release|Any CPU
		{1215EC61-2091-46D9-A448-D0C3C59A5ED5}.Release|x86.ActiveCfg = Release|Any CPU
		{1215EC61-2091-46D9-A448-D0C3C59A5ED5}.Release|x86.Build.0 = Release|Any CPU
		{2EDB2CC5-C410-40FF-9F9B-51D39508F903}.Debug|Any CPU.ActiveCfg = Debug|Any CPU
		{2EDB2CC5-C410-40FF-9F9B-51D39508F903}.Debug|Any CPU.Build.0 = Debug|Any CPU
		{2EDB2CC5-C410-40FF-9F9B-51D39508F903}.Debug|x64.ActiveCfg = Debug|Any CPU
		{2EDB2CC5-C410-40FF-9F9B-51D39508F903}.Debug|x64.Build.0 = Debug|Any CPU
		{2EDB2CC5-C410-40FF-9F9B-51D39508F903}.Debug|x86.ActiveCfg = Debug|Any CPU
		{2EDB2CC5-C410-40FF-9F9B-51D39508F903}.Debug|x86.Build.0 = Debug|Any CPU
		{2EDB2CC5-C410-40FF-9F9B-51D39508F903}.Release|Any CPU.ActiveCfg = Release|Any CPU
		{2EDB2CC5-C410-40FF-9F9B-51D39508F903}.Release|Any CPU.Build.0 = Release|Any CPU
		{2EDB2CC5-C410-40FF-9F9B-51D39508F903}.Release|x64.ActiveCfg = Release|Any CPU
		{2EDB2CC5-C410-40FF-9F9B-51D39508F903}.Release|x64.Build.0 = Release|Any CPU
		{2EDB2CC5-C410-40FF-9F9B-51D39508F903}.Release|x86.ActiveCfg = Release|Any CPU
		{2EDB2CC5-C410-40FF-9F9B-51D39508F903}.Release|x86.Build.0 = Release|Any CPU
		{E4C2E871-C541-4F8A-918D-A1D6D9A4A54F}.Debug|Any CPU.ActiveCfg = Debug|Any CPU
		{E4C2E871-C541-4F8A-918D-A1D6D9A4A54F}.Debug|Any CPU.Build.0 = Debug|Any CPU
		{E4C2E871-C541-4F8A-918D-A1D6D9A4A54F}.Debug|x64.ActiveCfg = Debug|Any CPU
		{E4C2E871-C541-4F8A-918D-A1D6D9A4A54F}.Debug|x64.Build.0 = Debug|Any CPU
		{E4C2E871-C541-4F8A-918D-A1D6D9A4A54F}.Debug|x86.ActiveCfg = Debug|Any CPU
		{E4C2E871-C541-4F8A-918D-A1D6D9A4A54F}.Debug|x86.Build.0 = Debug|Any CPU
		{E4C2E871-C541-4F8A-918D-A1D6D9A4A54F}.Release|Any CPU.ActiveCfg = Release|Any CPU
		{E4C2E871-C541-4F8A-918D-A1D6D9A4A54F}.Release|Any CPU.Build.0 = Release|Any CPU
		{E4C2E871-C541-4F8A-918D-A1D6D9A4A54F}.Release|x64.ActiveCfg = Release|Any CPU
		{E4C2E871-C541-4F8A-918D-A1D6D9A4A54F}.Release|x64.Build.0 = Release|Any CPU
		{E4C2E871-C541-4F8A-918D-A1D6D9A4A54F}.Release|x86.ActiveCfg = Release|Any CPU
		{E4C2E871-C541-4F8A-918D-A1D6D9A4A54F}.Release|x86.Build.0 = Release|Any CPU
		{85C8FDCB-AD46-4666-8899-EF51024BC1B2}.Debug|Any CPU.ActiveCfg = Debug|Any CPU
		{85C8FDCB-AD46-4666-8899-EF51024BC1B2}.Debug|Any CPU.Build.0 = Debug|Any CPU
		{85C8FDCB-AD46-4666-8899-EF51024BC1B2}.Debug|x64.ActiveCfg = Debug|Any CPU
		{85C8FDCB-AD46-4666-8899-EF51024BC1B2}.Debug|x64.Build.0 = Debug|Any CPU
		{85C8FDCB-AD46-4666-8899-EF51024BC1B2}.Debug|x86.ActiveCfg = Debug|Any CPU
		{85C8FDCB-AD46-4666-8899-EF51024BC1B2}.Debug|x86.Build.0 = Debug|Any CPU
		{85C8FDCB-AD46-4666-8899-EF51024BC1B2}.Release|Any CPU.ActiveCfg = Release|Any CPU
		{85C8FDCB-AD46-4666-8899-EF51024BC1B2}.Release|Any CPU.Build.0 = Release|Any CPU
		{85C8FDCB-AD46-4666-8899-EF51024BC1B2}.Release|x64.ActiveCfg = Release|Any CPU
		{85C8FDCB-AD46-4666-8899-EF51024BC1B2}.Release|x64.Build.0 = Release|Any CPU
		{85C8FDCB-AD46-4666-8899-EF51024BC1B2}.Release|x86.ActiveCfg = Release|Any CPU
		{85C8FDCB-AD46-4666-8899-EF51024BC1B2}.Release|x86.Build.0 = Release|Any CPU
		{B9B062E0-EFDC-4F85-A216-3A4C18FF31B6}.Debug|Any CPU.ActiveCfg = Debug|Any CPU
		{B9B062E0-EFDC-4F85-A216-3A4C18FF31B6}.Debug|Any CPU.Build.0 = Debug|Any CPU
		{B9B062E0-EFDC-4F85-A216-3A4C18FF31B6}.Debug|x64.ActiveCfg = Debug|Any CPU
		{B9B062E0-EFDC-4F85-A216-3A4C18FF31B6}.Debug|x64.Build.0 = Debug|Any CPU
		{B9B062E0-EFDC-4F85-A216-3A4C18FF31B6}.Debug|x86.ActiveCfg = Debug|Any CPU
		{B9B062E0-EFDC-4F85-A216-3A4C18FF31B6}.Debug|x86.Build.0 = Debug|Any CPU
		{B9B062E0-EFDC-4F85-A216-3A4C18FF31B6}.Release|Any CPU.ActiveCfg = Release|Any CPU
		{B9B062E0-EFDC-4F85-A216-3A4C18FF31B6}.Release|Any CPU.Build.0 = Release|Any CPU
		{B9B062E0-EFDC-4F85-A216-3A4C18FF31B6}.Release|x64.ActiveCfg = Release|Any CPU
		{B9B062E0-EFDC-4F85-A216-3A4C18FF31B6}.Release|x64.Build.0 = Release|Any CPU
		{B9B062E0-EFDC-4F85-A216-3A4C18FF31B6}.Release|x86.ActiveCfg = Release|Any CPU
		{B9B062E0-EFDC-4F85-A216-3A4C18FF31B6}.Release|x86.Build.0 = Release|Any CPU
		{98BEAD08-9AC8-4CCD-B31D-63FBC37B40FA}.Debug|Any CPU.ActiveCfg = Debug|Any CPU
		{98BEAD08-9AC8-4CCD-B31D-63FBC37B40FA}.Debug|Any CPU.Build.0 = Debug|Any CPU
		{98BEAD08-9AC8-4CCD-B31D-63FBC37B40FA}.Debug|x64.ActiveCfg = Debug|Any CPU
		{98BEAD08-9AC8-4CCD-B31D-63FBC37B40FA}.Debug|x64.Build.0 = Debug|Any CPU
		{98BEAD08-9AC8-4CCD-B31D-63FBC37B40FA}.Debug|x86.ActiveCfg = Debug|Any CPU
		{98BEAD08-9AC8-4CCD-B31D-63FBC37B40FA}.Debug|x86.Build.0 = Debug|Any CPU
		{98BEAD08-9AC8-4CCD-B31D-63FBC37B40FA}.Release|Any CPU.ActiveCfg = Release|Any CPU
		{98BEAD08-9AC8-4CCD-B31D-63FBC37B40FA}.Release|Any CPU.Build.0 = Release|Any CPU
		{98BEAD08-9AC8-4CCD-B31D-63FBC37B40FA}.Release|x64.ActiveCfg = Release|Any CPU
		{98BEAD08-9AC8-4CCD-B31D-63FBC37B40FA}.Release|x64.Build.0 = Release|Any CPU
		{98BEAD08-9AC8-4CCD-B31D-63FBC37B40FA}.Release|x86.ActiveCfg = Release|Any CPU
		{98BEAD08-9AC8-4CCD-B31D-63FBC37B40FA}.Release|x86.Build.0 = Release|Any CPU
		{B3C663F4-3BE0-4D15-97BA-8165D931B935}.Debug|Any CPU.ActiveCfg = Debug|Any CPU
		{B3C663F4-3BE0-4D15-97BA-8165D931B935}.Debug|Any CPU.Build.0 = Debug|Any CPU
		{B3C663F4-3BE0-4D15-97BA-8165D931B935}.Debug|x64.ActiveCfg = Debug|Any CPU
		{B3C663F4-3BE0-4D15-97BA-8165D931B935}.Debug|x64.Build.0 = Debug|Any CPU
		{B3C663F4-3BE0-4D15-97BA-8165D931B935}.Debug|x86.ActiveCfg = Debug|Any CPU
		{B3C663F4-3BE0-4D15-97BA-8165D931B935}.Debug|x86.Build.0 = Debug|Any CPU
		{B3C663F4-3BE0-4D15-97BA-8165D931B935}.Release|Any CPU.ActiveCfg = Release|Any CPU
		{B3C663F4-3BE0-4D15-97BA-8165D931B935}.Release|Any CPU.Build.0 = Release|Any CPU
		{B3C663F4-3BE0-4D15-97BA-8165D931B935}.Release|x64.ActiveCfg = Release|Any CPU
		{B3C663F4-3BE0-4D15-97BA-8165D931B935}.Release|x64.Build.0 = Release|Any CPU
		{B3C663F4-3BE0-4D15-97BA-8165D931B935}.Release|x86.ActiveCfg = Release|Any CPU
		{B3C663F4-3BE0-4D15-97BA-8165D931B935}.Release|x86.Build.0 = Release|Any CPU
		{71F2DEF3-F44E-4B1F-9B15-2E6B80A52F06}.Debug|Any CPU.ActiveCfg = Debug|Any CPU
		{71F2DEF3-F44E-4B1F-9B15-2E6B80A52F06}.Debug|Any CPU.Build.0 = Debug|Any CPU
		{71F2DEF3-F44E-4B1F-9B15-2E6B80A52F06}.Debug|x64.ActiveCfg = Debug|Any CPU
		{71F2DEF3-F44E-4B1F-9B15-2E6B80A52F06}.Debug|x64.Build.0 = Debug|Any CPU
		{71F2DEF3-F44E-4B1F-9B15-2E6B80A52F06}.Debug|x86.ActiveCfg = Debug|Any CPU
		{71F2DEF3-F44E-4B1F-9B15-2E6B80A52F06}.Debug|x86.Build.0 = Debug|Any CPU
		{71F2DEF3-F44E-4B1F-9B15-2E6B80A52F06}.Release|Any CPU.ActiveCfg = Release|Any CPU
		{71F2DEF3-F44E-4B1F-9B15-2E6B80A52F06}.Release|Any CPU.Build.0 = Release|Any CPU
		{71F2DEF3-F44E-4B1F-9B15-2E6B80A52F06}.Release|x64.ActiveCfg = Release|Any CPU
		{71F2DEF3-F44E-4B1F-9B15-2E6B80A52F06}.Release|x64.Build.0 = Release|Any CPU
		{71F2DEF3-F44E-4B1F-9B15-2E6B80A52F06}.Release|x86.ActiveCfg = Release|Any CPU
		{71F2DEF3-F44E-4B1F-9B15-2E6B80A52F06}.Release|x86.Build.0 = Release|Any CPU
		{4DFAE8D1-23CF-4DB5-97B7-D80898E74D57}.Debug|Any CPU.ActiveCfg = Debug|Any CPU
		{4DFAE8D1-23CF-4DB5-97B7-D80898E74D57}.Debug|Any CPU.Build.0 = Debug|Any CPU
		{4DFAE8D1-23CF-4DB5-97B7-D80898E74D57}.Debug|x64.ActiveCfg = Debug|Any CPU
		{4DFAE8D1-23CF-4DB5-97B7-D80898E74D57}.Debug|x64.Build.0 = Debug|Any CPU
		{4DFAE8D1-23CF-4DB5-97B7-D80898E74D57}.Debug|x86.ActiveCfg = Debug|Any CPU
		{4DFAE8D1-23CF-4DB5-97B7-D80898E74D57}.Debug|x86.Build.0 = Debug|Any CPU
		{4DFAE8D1-23CF-4DB5-97B7-D80898E74D57}.Release|Any CPU.ActiveCfg = Release|Any CPU
		{4DFAE8D1-23CF-4DB5-97B7-D80898E74D57}.Release|Any CPU.Build.0 = Release|Any CPU
		{4DFAE8D1-23CF-4DB5-97B7-D80898E74D57}.Release|x64.ActiveCfg = Release|Any CPU
		{4DFAE8D1-23CF-4DB5-97B7-D80898E74D57}.Release|x64.Build.0 = Release|Any CPU
		{4DFAE8D1-23CF-4DB5-97B7-D80898E74D57}.Release|x86.ActiveCfg = Release|Any CPU
		{4DFAE8D1-23CF-4DB5-97B7-D80898E74D57}.Release|x86.Build.0 = Release|Any CPU
		{097E28FA-8506-4AED-A073-C23358A92AA8}.Debug|Any CPU.ActiveCfg = Debug|Any CPU
		{097E28FA-8506-4AED-A073-C23358A92AA8}.Debug|Any CPU.Build.0 = Debug|Any CPU
		{097E28FA-8506-4AED-A073-C23358A92AA8}.Debug|x64.ActiveCfg = Debug|Any CPU
		{097E28FA-8506-4AED-A073-C23358A92AA8}.Debug|x64.Build.0 = Debug|Any CPU
		{097E28FA-8506-4AED-A073-C23358A92AA8}.Debug|x86.ActiveCfg = Debug|Any CPU
		{097E28FA-8506-4AED-A073-C23358A92AA8}.Debug|x86.Build.0 = Debug|Any CPU
		{097E28FA-8506-4AED-A073-C23358A92AA8}.Release|Any CPU.ActiveCfg = Release|Any CPU
		{097E28FA-8506-4AED-A073-C23358A92AA8}.Release|Any CPU.Build.0 = Release|Any CPU
		{097E28FA-8506-4AED-A073-C23358A92AA8}.Release|x64.ActiveCfg = Release|Any CPU
		{097E28FA-8506-4AED-A073-C23358A92AA8}.Release|x64.Build.0 = Release|Any CPU
		{097E28FA-8506-4AED-A073-C23358A92AA8}.Release|x86.ActiveCfg = Release|Any CPU
		{097E28FA-8506-4AED-A073-C23358A92AA8}.Release|x86.Build.0 = Release|Any CPU
		{5F7E3D6E-4BD6-4314-A458-61CBAE8B2691}.Debug|Any CPU.ActiveCfg = Debug|Any CPU
		{5F7E3D6E-4BD6-4314-A458-61CBAE8B2691}.Debug|Any CPU.Build.0 = Debug|Any CPU
		{5F7E3D6E-4BD6-4314-A458-61CBAE8B2691}.Debug|x64.ActiveCfg = Debug|Any CPU
		{5F7E3D6E-4BD6-4314-A458-61CBAE8B2691}.Debug|x64.Build.0 = Debug|Any CPU
		{5F7E3D6E-4BD6-4314-A458-61CBAE8B2691}.Debug|x86.ActiveCfg = Debug|Any CPU
		{5F7E3D6E-4BD6-4314-A458-61CBAE8B2691}.Debug|x86.Build.0 = Debug|Any CPU
		{5F7E3D6E-4BD6-4314-A458-61CBAE8B2691}.Release|Any CPU.ActiveCfg = Release|Any CPU
		{5F7E3D6E-4BD6-4314-A458-61CBAE8B2691}.Release|Any CPU.Build.0 = Release|Any CPU
		{5F7E3D6E-4BD6-4314-A458-61CBAE8B2691}.Release|x64.ActiveCfg = Release|Any CPU
		{5F7E3D6E-4BD6-4314-A458-61CBAE8B2691}.Release|x64.Build.0 = Release|Any CPU
		{5F7E3D6E-4BD6-4314-A458-61CBAE8B2691}.Release|x86.ActiveCfg = Release|Any CPU
		{5F7E3D6E-4BD6-4314-A458-61CBAE8B2691}.Release|x86.Build.0 = Release|Any CPU
		{FEA88C9A-ADBC-4849-AECE-5A6C369DC89B}.Debug|Any CPU.ActiveCfg = Debug|Any CPU
		{FEA88C9A-ADBC-4849-AECE-5A6C369DC89B}.Debug|Any CPU.Build.0 = Debug|Any CPU
		{FEA88C9A-ADBC-4849-AECE-5A6C369DC89B}.Debug|x64.ActiveCfg = Debug|Any CPU
		{FEA88C9A-ADBC-4849-AECE-5A6C369DC89B}.Debug|x64.Build.0 = Debug|Any CPU
		{FEA88C9A-ADBC-4849-AECE-5A6C369DC89B}.Debug|x86.ActiveCfg = Debug|Any CPU
		{FEA88C9A-ADBC-4849-AECE-5A6C369DC89B}.Debug|x86.Build.0 = Debug|Any CPU
		{FEA88C9A-ADBC-4849-AECE-5A6C369DC89B}.Release|Any CPU.ActiveCfg = Release|Any CPU
		{FEA88C9A-ADBC-4849-AECE-5A6C369DC89B}.Release|Any CPU.Build.0 = Release|Any CPU
		{FEA88C9A-ADBC-4849-AECE-5A6C369DC89B}.Release|x64.ActiveCfg = Release|Any CPU
		{FEA88C9A-ADBC-4849-AECE-5A6C369DC89B}.Release|x64.Build.0 = Release|Any CPU
		{FEA88C9A-ADBC-4849-AECE-5A6C369DC89B}.Release|x86.ActiveCfg = Release|Any CPU
		{FEA88C9A-ADBC-4849-AECE-5A6C369DC89B}.Release|x86.Build.0 = Release|Any CPU
	EndGlobalSection
	GlobalSection(SolutionProperties) = preSolution
		HideSolutionNode = FALSE
	EndGlobalSection
EndGlobal
